
Microsoft Visual Studio Solution File, Format Version 12.00
# Visual Studio Version 16
VisualStudioVersion = 16.0.28922.388
MinimumVisualStudioVersion = 10.0.40219.1
Project("{9A19103F-16F7-4668-BE54-9A1E7A4F7556}") = "Heffsoft.PecsRemote.Api", "Heffsoft.PecsRemote.Api\Heffsoft.PecsRemote.Api.csproj", "{E479C7C4-183E-48E1-B5F2-209C6A10DF1F}"
EndProject
Project("{FAE04EC0-301F-11D3-BF4B-00C04F79EFBC}") = "Heffsoft.PecsRemote.AdminSite", "Heffsoft.PecsRemote.AdminSite\Heffsoft.PecsRemote.AdminSite.csproj", "{7A23D203-DDD7-49C2-83F7-2C60FC8CA206}"
EndProject
Project("{2150E333-8FDC-42A3-9474-1A3956D46DE8}") = "Software", "Software", "{739A6DAF-0A8B-4626-9520-65F6A7ED6594}"
EndProject
Global
	GlobalSection(SolutionConfigurationPlatforms) = preSolution
		Debug|Any CPU = Debug|Any CPU
		Debug|x86 = Debug|x86
		Release|Any CPU = Release|Any CPU
		Release|x86 = Release|x86
	EndGlobalSection
	GlobalSection(ProjectConfigurationPlatforms) = postSolution
		{E479C7C4-183E-48E1-B5F2-209C6A10DF1F}.Debug|Any CPU.ActiveCfg = Debug|Any CPU
		{E479C7C4-183E-48E1-B5F2-209C6A10DF1F}.Debug|Any CPU.Build.0 = Debug|Any CPU
		{E479C7C4-183E-48E1-B5F2-209C6A10DF1F}.Debug|x86.ActiveCfg = Debug|Any CPU
		{E479C7C4-183E-48E1-B5F2-209C6A10DF1F}.Debug|x86.Build.0 = Debug|Any CPU
		{E479C7C4-183E-48E1-B5F2-209C6A10DF1F}.Release|Any CPU.ActiveCfg = Release|Any CPU
		{E479C7C4-183E-48E1-B5F2-209C6A10DF1F}.Release|Any CPU.Build.0 = Release|Any CPU
		{E479C7C4-183E-48E1-B5F2-209C6A10DF1F}.Release|x86.ActiveCfg = Release|Any CPU
		{E479C7C4-183E-48E1-B5F2-209C6A10DF1F}.Release|x86.Build.0 = Release|Any CPU
		{7A23D203-DDD7-49C2-83F7-2C60FC8CA206}.Debug|Any CPU.ActiveCfg = Debug|x86
		{7A23D203-DDD7-49C2-83F7-2C60FC8CA206}.Debug|x86.ActiveCfg = Debug|x86
		{7A23D203-DDD7-49C2-83F7-2C60FC8CA206}.Debug|x86.Build.0 = Debug|x86
		{7A23D203-DDD7-49C2-83F7-2C60FC8CA206}.Release|Any CPU.ActiveCfg = Debug|x86
		{7A23D203-DDD7-49C2-83F7-2C60FC8CA206}.Release|Any CPU.Build.0 = Debug|x86
		{7A23D203-DDD7-49C2-83F7-2C60FC8CA206}.Release|x86.ActiveCfg = Debug|x86
		{7A23D203-DDD7-49C2-83F7-2C60FC8CA206}.Release|x86.Build.0 = Debug|x86
	EndGlobalSection
	GlobalSection(SolutionProperties) = preSolution
		HideSolutionNode = FALSE
	EndGlobalSection
	GlobalSection(NestedProjects) = preSolution
		{E479C7C4-183E-48E1-B5F2-209C6A10DF1F} = {739A6DAF-0A8B-4626-9520-65F6A7ED6594}
		{7A23D203-DDD7-49C2-83F7-2C60FC8CA206} = {739A6DAF-0A8B-4626-9520-65F6A7ED6594}
	EndGlobalSection
	GlobalSection(ExtensibilityGlobals) = postSolution
		SolutionGuid = {8E73EC71-F413-4C83-AEC3-563B49FCD6E5}
	EndGlobalSection
EndGlobal
